Microsoft Visual Studio Solution File, Format Version 11.00
# Visual Studio 2008

Project("{C1BB19B2-7818-343C-1926-119B958741B5}") = "Human", "Assembly-CSharp-firstpass-vs.csproj", "{B1AC7DC1-5AF2-6B2B-15C8-601B7259247F}"
EndProject
Project("{C1BB19B2-7818-343C-1926-119B958741B5}") = "Human", "Assembly-CSharp-vs.csproj", "{C51BDCD9-653A-5553-AF1E-F5CBC120A13C}"
EndProject
Project("{C1BB19B2-7818-343C-1926-119B958741B5}") = "Human", "Assembly-CSharp-Editor-vs.csproj", "{2756DC31-724D-5633-D1F2-FDEB04194B9E}"
EndProject
Global
	GlobalSection(SolutionConfigurationPlatforms) = preSolution
		Debug|Any CPU = Debug|Any CPU
		Release|Any CPU = Release|Any CPU
	EndGlobalSection
	GlobalSection(ProjectConfigurationPlatforms) = postSolution
		{B1AC7DC1-5AF2-6B2B-15C8-601B7259247F}.Debug|Any CPU.ActiveCfg = Debug|Any CPU
		{B1AC7DC1-5AF2-6B2B-15C8-601B7259247F}.Debug|Any CPU.Build.0 = Debug|Any CPU
		{B1AC7DC1-5AF2-6B2B-15C8-601B7259247F}.Release|Any CPU.ActiveCfg = Release|Any CPU
		{B1AC7DC1-5AF2-6B2B-15C8-601B7259247F}.Release|Any CPU.Build.0 = Release|Any CPU
		{C51BDCD9-653A-5553-AF1E-F5CBC120A13C}.Debug|Any CPU.ActiveCfg = Debug|Any CPU
		{C51BDCD9-653A-5553-AF1E-F5CBC120A13C}.Debug|Any CPU.Build.0 = Debug|Any CPU
		{C51BDCD9-653A-5553-AF1E-F5CBC120A13C}.Release|Any CPU.ActiveCfg = Release|Any CPU
		{C51BDCD9-653A-5553-AF1E-F5CBC120A13C}.Release|Any CPU.Build.0 = Release|Any CPU
		{2756DC31-724D-5633-D1F2-FDEB04194B9E}.Debug|Any CPU.ActiveCfg = Debug|Any CPU
		{2756DC31-724D-5633-D1F2-FDEB04194B9E}.Debug|Any CPU.Build.0 = Debug|Any CPU
		{2756DC31-724D-5633-D1F2-FDEB04194B9E}.Release|Any CPU.ActiveCfg = Release|Any CPU
		{2756DC31-724D-5633-D1F2-FDEB04194B9E}.Release|Any CPU.Build.0 = Release|Any CPU
	EndGlobalSection
	GlobalSection(SolutionProperties) = preSolution
		HideSolutionNode = FALSE
	EndGlobalSection
																		GlobalSection(MonoDevelopProperties) = preSolution
		StartupItem = Assembly-CSharp.csproj
		Policies = $0
		$0.TextStylePolicy = $1
		$1.inheritsSet = null
		$1.scope = text/x-csharp
		$0.CSharpFormattingPolicy = $2
		$2.inheritsSet = Mono
		$2.inheritsScope = text/x-csharp
		$2.scope = text/x-csharp
		$0.TextStylePolicy = $3
		$3.FileWidth = 120
		$3.TabWidth = 4
		$3.IndentWidth = 4
		$3.EolMarker = Unix
		$3.inheritsSet = Mono
		$3.inheritsScope = text/plain
		$3.scope = text/plain
	EndGlobalSection

EndGlobal
